
Microsoft Visual Studio Solution File, Format Version 12.00
# Visual Studio 15
VisualStudioVersion = 15.0.26124.0
MinimumVisualStudioVersion = 15.0.26124.0
Project("{9A19103F-16F7-4668-BE54-9A1E7A4F7556}") = "ConsoleApp", "ConsoleApp\ConsoleApp.csproj", "{2D714E12-4856-47FF-BAEB-2587B05DB378}"
EndProject
Project("{9A19103F-16F7-4668-BE54-9A1E7A4F7556}") = "NameLib", "NameLib\NameLib.csproj", "{5EB16F9E-F7B0-4D9F-B158-033627BD3CA8}"
EndProject
Global
	GlobalSection(SolutionConfigurationPlatforms) = preSolution
		Debug|Any CPU = Debug|Any CPU
		Debug|x64 = Debug|x64
		Debug|x86 = Debug|x86
		Release|Any CPU = Release|Any CPU
		Release|x64 = Release|x64
		Release|x86 = Release|x86
	EndGlobalSection
	GlobalSection(ProjectConfigurationPlatforms) = postSolution
		{2D714E12-4856-47FF-BAEB-2587B05DB378}.Debug|Any CPU.ActiveCfg = Debug|Any CPU
		{2D714E12-4856-47FF-BAEB-2587B05DB378}.Debug|Any CPU.Build.0 = Debug|Any CPU
		{2D714E12-4856-47FF-BAEB-2587B05DB378}.Debug|x64.ActiveCfg = Debug|Any CPU
		{2D714E12-4856-47FF-BAEB-2587B05DB378}.Debug|x64.Build.0 = Debug|Any CPU
		{2D714E12-4856-47FF-BAEB-2587B05DB378}.Debug|x86.ActiveCfg = Debug|Any CPU
		{2D714E12-4856-47FF-BAEB-2587B05DB378}.Debug|x86.Build.0 = Debug|Any CPU
		{2D714E12-4856-47FF-BAEB-2587B05DB378}.Release|Any CPU.ActiveCfg = Release|Any CPU
		{2D714E12-4856-47FF-BAEB-2587B05DB378}.Release|Any CPU.Build.0 = Release|Any CPU
		{2D714E12-4856-47FF-BAEB-2587B05DB378}.Release|x64.ActiveCfg = Release|Any CPU
		{2D714E12-4856-47FF-BAEB-2587B05DB378}.Release|x64.Build.0 = Release|Any CPU
		{2D714E12-4856-47FF-BAEB-2587B05DB378}.Release|x86.ActiveCfg = Release|Any CPU
		{2D714E12-4856-47FF-BAEB-2587B05DB378}.Release|x86.Build.0 = Release|Any CPU
		{5EB16F9E-F7B0-4D9F-B158-033627BD3CA8}.Debug|Any CPU.ActiveCfg = Debug|Any CPU
		{5EB16F9E-F7B0-4D9F-B158-033627BD3CA8}.Debug|Any CPU.Build.0 = Debug|Any CPU
		{5EB16F9E-F7B0-4D9F-B158-033627BD3CA8}.Debug|x64.ActiveCfg = Debug|Any CPU
		{5EB16F9E-F7B0-4D9F-B158-033627BD3CA8}.Debug|x64.Build.0 = Debug|Any CPU
		{5EB16F9E-F7B0-4D9F-B158-033627BD3CA8}.Debug|x86.ActiveCfg = Debug|Any CPU
		{5EB16F9E-F7B0-4D9F-B158-033627BD3CA8}.Debug|x86.Build.0 = Debug|Any CPU
		{5EB16F9E-F7B0-4D9F-B158-033627BD3CA8}.Release|Any CPU.ActiveCfg = Release|Any CPU
		{5EB16F9E-F7B0-4D9F-B158-033627BD3CA8}.Release|Any CPU.Build.0 = Release|Any CPU
		{5EB16F9E-F7B0-4D9F-B158-033627BD3CA8}.Release|x64.ActiveCfg = Release|Any CPU
		{5EB16F9E-F7B0-4D9F-B158-033627BD3CA8}.Release|x64.Build.0 = Release|Any CPU
		{5EB16F9E-F7B0-4D9F-B158-033627BD3CA8}.Release|x86.ActiveCfg = Release|Any CPU
		{5EB16F9E-F7B0-4D9F-B158-033627BD3CA8}.Release|x86.Build.0 = Release|Any CPU
	EndGlobalSection
	GlobalSection(SolutionProperties) = preSolution
		HideSolutionNode = FALSE
	EndGlobalSection
	GlobalSection(ExtensibilityGlobals) = postSolution
		SolutionGuid = {ADF6EA13-E777-4976-87E9-53405F8FFF4D}
	EndGlobalSection
EndGlobal
